
Microsoft Visual Studio Solution File, Format Version 12.00
Project("{2150E333-8FDC-42A3-9474-1A3956D46DE8}") = "Services", "Services", "{C29A7C85-F95F-4060-B873-AAC35DE8E634}"
EndProject
Project("{2150E333-8FDC-42A3-9474-1A3956D46DE8}") = "src", "src", "{E88488D2-A662-4C9A-A798-79CDE4EF1962}"
EndProject
Project("{2150E333-8FDC-42A3-9474-1A3956D46DE8}") = "Modules", "Modules", "{5BC83B68-74CE-4C8E-8633-810B49EFC4D6}"
EndProject
Project("{FAE04EC0-301F-11D3-BF4B-00C04F79EFBC}") = "WeatherTeller.Infrastructure", "src\Modules\WeatherTeller.Infrastructure\WeatherTeller.Infrastructure.csproj", "{AF21C2C9-5F2A-49A4-9DF9-B478BC241C1F}"
EndProject
Project("{FAE04EC0-301F-11D3-BF4B-00C04F79EFBC}") = "WeatherTeller.Persistence", "src\Modules\WeatherTeller.Persistence\WeatherTeller.Persistence.csproj", "{724CC671-7F5A-491F-AC0D-6B9397D1FDBC}"
EndProject
Project("{FAE04EC0-301F-11D3-BF4B-00C04F79EFBC}") = "WeatherTeller.Persistence.LiteDb", "src\Modules\WeatherTeller.Persistence.LiteDb\WeatherTeller.Persistence.LiteDb.csproj", "{0924B587-2304-4F34-A7CA-1401A290FD02}"
EndProject
Project("{FAE04EC0-301F-11D3-BF4B-00C04F79EFBC}") = "WeatherTeller.ViewModels.Core", "src\Modules\WeatherTeller.ViewModels.Core\WeatherTeller.ViewModels.Core.csproj", "{4DAFAB29-83F0-4087-B407-C9950AE90511}"
EndProject
Project("{FAE04EC0-301F-11D3-BF4B-00C04F79EFBC}") = "WeatherTeller.ViewModels", "src\Modules\WeatherTeller.ViewModels\WeatherTeller.ViewModels.csproj", "{DFA642C6-F7DC-4C7B-8889-205E57C5FCCA}"
EndProject
Project("{FAE04EC0-301F-11D3-BF4B-00C04F79EFBC}") = "WeatherTeller.Services.Core", "src\Modules\WeatherTeller.Services.Core\WeatherTeller.Services.Core.csproj", "{643D6CDC-FB34-44F5-8062-591317EF7F5E}"
EndProject
Project("{2150E333-8FDC-42A3-9474-1A3956D46DE8}") = "Persistence", "Persistence", "{3CDDD233-906E-4D07-AEDB-AAC36AF31DC2}"
EndProject
Project("{2150E333-8FDC-42A3-9474-1A3956D46DE8}") = "ViewModels", "ViewModels", "{8D73EF00-C064-41CE-A881-3628B77EF4D3}"
EndProject
Project("{2150E333-8FDC-42A3-9474-1A3956D46DE8}") = "Services", "Services", "{C7221034-8F40-4210-BD74-89DADF7EFF5D}"
EndProject
Project("{FAE04EC0-301F-11D3-BF4B-00C04F79EFBC}") = "WeatherTeller.Services.WeatherApiCom", "src\Modules\WeatherTeller.Services.WeatherApiCom\WeatherTeller.Services.WeatherApiCom.csproj", "{F9835940-54CF-4601-AC06-9B6482B5C9C7}"
EndProject
Project("{FAE04EC0-301F-11D3-BF4B-00C04F79EFBC}") = "WeatherTeller.Services", "src\Modules\WeatherTeller.Services\WeatherTeller.Services.csproj", "{FED45601-7A3F-4534-8803-2564EFC63E2D}"
EndProject
Project("{FAE04EC0-301F-11D3-BF4B-00C04F79EFBC}") = "WeatherTeller.Essentials.Core", "src\Modules\WeatherTeller.Essentials.Core\WeatherTeller.Essentials.Core.csproj", "{DF2A4DF2-D967-41C5-9252-48B7E3BAAF29}"
EndProject
Project("{FAE04EC0-301F-11D3-BF4B-00C04F79EFBC}") = "WeatherTeller", "src\Services\WeatherTeller\WeatherTeller.csproj", "{28D365B1-4590-47DB-85F9-D4FD9962B88B}"
EndProject
Project("{FAE04EC0-301F-11D3-BF4B-00C04F79EFBC}") = "WeatherTeller.Android", "src\Services\WeatherTeller.Android\WeatherTeller.Android.csproj", "{B226BE85-4ECD-4750-98DB-26C23588A071}"
EndProject
Project("{FAE04EC0-301F-11D3-BF4B-00C04F79EFBC}") = "WeatherTeller.Linux", "src\Services\WeatherTeller.Linux\WeatherTeller.Linux.csproj", "{925410C9-6742-4FB8-807A-FE76A889DDFA}"
EndProject
Project("{FAE04EC0-301F-11D3-BF4B-00C04F79EFBC}") = "WeatherTeller.MacOS", "src\Services\WeatherTeller.MacOS\WeatherTeller.MacOS.csproj", "{DA37CB92-72D6-4707-A2E7-B7E0D1F911F0}"
EndProject
Project("{FAE04EC0-301F-11D3-BF4B-00C04F79EFBC}") = "WeatherTeller.Windows", "src\Services\WeatherTeller.Windows\WeatherTeller.Windows.csproj", "{D998D0A9-90B3-44E5-AE4A-7D5A24015B37}"
EndProject
Project("{FAE04EC0-301F-11D3-BF4B-00C04F79EFBC}") = "WeatherTeller.Persistence.EntityFramework", "src\Modules\WeatherTeller.Persistence.EntityFramework\WeatherTeller.Persistence.EntityFramework.csproj", "{7B1F71E5-2822-4FC0-BFEA-F980EB067079}"
EndProject
Project("{FAE04EC0-301F-11D3-BF4B-00C04F79EFBC}") = "WeatherTeller.Persistence.Core", "src\Modules\WeatherTeller.Persistence.Core\WeatherTeller.Persistence.Core.csproj", "{36A65252-B2FA-47AA-A09D-B137801CA61B}"
EndProject
Project("{2150E333-8FDC-42A3-9474-1A3956D46DE8}") = "tests", "tests", "{8785BB88-C375-489E-B202-85E44E9437B1}"
EndProject
Project("{FAE04EC0-301F-11D3-BF4B-00C04F79EFBC}") = "WeatherTeller.Persistence.UnitTests", "tests\WeatherTeller.Persistence.UnitTests\WeatherTeller.Persistence.UnitTests.csproj", "{4EB8E11D-2886-4C4F-8FF7-DB2D5213FA4F}"
EndProject
Global
	GlobalSection(SolutionConfigurationPlatforms) = preSolution
		Debug|Any CPU = Debug|Any CPU
		Release|Any CPU = Release|Any CPU
	EndGlobalSection
	GlobalSection(NestedProjects) = preSolution
		{C29A7C85-F95F-4060-B873-AAC35DE8E634} = {E88488D2-A662-4C9A-A798-79CDE4EF1962}
		{5BC83B68-74CE-4C8E-8633-810B49EFC4D6} = {E88488D2-A662-4C9A-A798-79CDE4EF1962}
		{AF21C2C9-5F2A-49A4-9DF9-B478BC241C1F} = {5BC83B68-74CE-4C8E-8633-810B49EFC4D6}
		{3CDDD233-906E-4D07-AEDB-AAC36AF31DC2} = {5BC83B68-74CE-4C8E-8633-810B49EFC4D6}
		{0924B587-2304-4F34-A7CA-1401A290FD02} = {3CDDD233-906E-4D07-AEDB-AAC36AF31DC2}
		{724CC671-7F5A-491F-AC0D-6B9397D1FDBC} = {3CDDD233-906E-4D07-AEDB-AAC36AF31DC2}
		{8D73EF00-C064-41CE-A881-3628B77EF4D3} = {5BC83B68-74CE-4C8E-8633-810B49EFC4D6}
		{4DAFAB29-83F0-4087-B407-C9950AE90511} = {8D73EF00-C064-41CE-A881-3628B77EF4D3}
		{DFA642C6-F7DC-4C7B-8889-205E57C5FCCA} = {8D73EF00-C064-41CE-A881-3628B77EF4D3}
		{C7221034-8F40-4210-BD74-89DADF7EFF5D} = {5BC83B68-74CE-4C8E-8633-810B49EFC4D6}
		{643D6CDC-FB34-44F5-8062-591317EF7F5E} = {C7221034-8F40-4210-BD74-89DADF7EFF5D}
		{F9835940-54CF-4601-AC06-9B6482B5C9C7} = {C7221034-8F40-4210-BD74-89DADF7EFF5D}
		{FED45601-7A3F-4534-8803-2564EFC63E2D} = {C7221034-8F40-4210-BD74-89DADF7EFF5D}
		{DF2A4DF2-D967-41C5-9252-48B7E3BAAF29} = {5BC83B68-74CE-4C8E-8633-810B49EFC4D6}
		{28D365B1-4590-47DB-85F9-D4FD9962B88B} = {C29A7C85-F95F-4060-B873-AAC35DE8E634}
		{B226BE85-4ECD-4750-98DB-26C23588A071} = {C29A7C85-F95F-4060-B873-AAC35DE8E634}
		{925410C9-6742-4FB8-807A-FE76A889DDFA} = {C29A7C85-F95F-4060-B873-AAC35DE8E634}
		{DA37CB92-72D6-4707-A2E7-B7E0D1F911F0} = {C29A7C85-F95F-4060-B873-AAC35DE8E634}
		{D998D0A9-90B3-44E5-AE4A-7D5A24015B37} = {C29A7C85-F95F-4060-B873-AAC35DE8E634}
		{7B1F71E5-2822-4FC0-BFEA-F980EB067079} = {3CDDD233-906E-4D07-AEDB-AAC36AF31DC2}
		{36A65252-B2FA-47AA-A09D-B137801CA61B} = {3CDDD233-906E-4D07-AEDB-AAC36AF31DC2}
		{4EB8E11D-2886-4C4F-8FF7-DB2D5213FA4F} = {8785BB88-C375-489E-B202-85E44E9437B1}
	EndGlobalSection
	GlobalSection(ProjectConfigurationPlatforms) = postSolution
		{AF21C2C9-5F2A-49A4-9DF9-B478BC241C1F}.Debug|Any CPU.ActiveCfg = Debug|Any CPU
		{AF21C2C9-5F2A-49A4-9DF9-B478BC241C1F}.Debug|Any CPU.Build.0 = Debug|Any CPU
		{AF21C2C9-5F2A-49A4-9DF9-B478BC241C1F}.Release|Any CPU.ActiveCfg = Release|Any CPU
		{AF21C2C9-5F2A-49A4-9DF9-B478BC241C1F}.Release|Any CPU.Build.0 = Release|Any CPU
		{724CC671-7F5A-491F-AC0D-6B9397D1FDBC}.Debug|Any CPU.ActiveCfg = Debug|Any CPU
		{724CC671-7F5A-491F-AC0D-6B9397D1FDBC}.Debug|Any CPU.Build.0 = Debug|Any CPU
		{724CC671-7F5A-491F-AC0D-6B9397D1FDBC}.Release|Any CPU.ActiveCfg = Release|Any CPU
		{724CC671-7F5A-491F-AC0D-6B9397D1FDBC}.Release|Any CPU.Build.0 = Release|Any CPU
		{0924B587-2304-4F34-A7CA-1401A290FD02}.Debug|Any CPU.ActiveCfg = Debug|Any CPU
		{0924B587-2304-4F34-A7CA-1401A290FD02}.Debug|Any CPU.Build.0 = Debug|Any CPU
		{0924B587-2304-4F34-A7CA-1401A290FD02}.Release|Any CPU.ActiveCfg = Release|Any CPU
		{0924B587-2304-4F34-A7CA-1401A290FD02}.Release|Any CPU.Build.0 = Release|Any CPU
		{4DAFAB29-83F0-4087-B407-C9950AE90511}.Debug|Any CPU.ActiveCfg = Debug|Any CPU
		{4DAFAB29-83F0-4087-B407-C9950AE90511}.Debug|Any CPU.Build.0 = Debug|Any CPU
		{4DAFAB29-83F0-4087-B407-C9950AE90511}.Release|Any CPU.ActiveCfg = Release|Any CPU
		{4DAFAB29-83F0-4087-B407-C9950AE90511}.Release|Any CPU.Build.0 = Release|Any CPU
		{DFA642C6-F7DC-4C7B-8889-205E57C5FCCA}.Debug|Any CPU.ActiveCfg = Debug|Any CPU
		{DFA642C6-F7DC-4C7B-8889-205E57C5FCCA}.Debug|Any CPU.Build.0 = Debug|Any CPU
		{DFA642C6-F7DC-4C7B-8889-205E57C5FCCA}.Release|Any CPU.ActiveCfg = Release|Any CPU
		{DFA642C6-F7DC-4C7B-8889-205E57C5FCCA}.Release|Any CPU.Build.0 = Release|Any CPU
		{643D6CDC-FB34-44F5-8062-591317EF7F5E}.Debug|Any CPU.ActiveCfg = Debug|Any CPU
		{643D6CDC-FB34-44F5-8062-591317EF7F5E}.Debug|Any CPU.Build.0 = Debug|Any CPU
		{643D6CDC-FB34-44F5-8062-591317EF7F5E}.Release|Any CPU.ActiveCfg = Release|Any CPU
		{643D6CDC-FB34-44F5-8062-591317EF7F5E}.Release|Any CPU.Build.0 = Release|Any CPU
		{F9835940-54CF-4601-AC06-9B6482B5C9C7}.Debug|Any CPU.ActiveCfg = Debug|Any CPU
		{F9835940-54CF-4601-AC06-9B6482B5C9C7}.Debug|Any CPU.Build.0 = Debug|Any CPU
		{F9835940-54CF-4601-AC06-9B6482B5C9C7}.Release|Any CPU.ActiveCfg = Release|Any CPU
		{F9835940-54CF-4601-AC06-9B6482B5C9C7}.Release|Any CPU.Build.0 = Release|Any CPU
		{FED45601-7A3F-4534-8803-2564EFC63E2D}.Debug|Any CPU.ActiveCfg = Debug|Any CPU
		{FED45601-7A3F-4534-8803-2564EFC63E2D}.Debug|Any CPU.Build.0 = Debug|Any CPU
		{FED45601-7A3F-4534-8803-2564EFC63E2D}.Release|Any CPU.ActiveCfg = Release|Any CPU
		{FED45601-7A3F-4534-8803-2564EFC63E2D}.Release|Any CPU.Build.0 = Release|Any CPU
		{DF2A4DF2-D967-41C5-9252-48B7E3BAAF29}.Debug|Any CPU.ActiveCfg = Debug|Any CPU
		{DF2A4DF2-D967-41C5-9252-48B7E3BAAF29}.Debug|Any CPU.Build.0 = Debug|Any CPU
		{DF2A4DF2-D967-41C5-9252-48B7E3BAAF29}.Release|Any CPU.ActiveCfg = Release|Any CPU
		{DF2A4DF2-D967-41C5-9252-48B7E3BAAF29}.Release|Any CPU.Build.0 = Release|Any CPU
		{28D365B1-4590-47DB-85F9-D4FD9962B88B}.Debug|Any CPU.ActiveCfg = Debug|Any CPU
		{28D365B1-4590-47DB-85F9-D4FD9962B88B}.Debug|Any CPU.Build.0 = Debug|Any CPU
		{28D365B1-4590-47DB-85F9-D4FD9962B88B}.Release|Any CPU.ActiveCfg = Release|Any CPU
		{28D365B1-4590-47DB-85F9-D4FD9962B88B}.Release|Any CPU.Build.0 = Release|Any CPU
		{B226BE85-4ECD-4750-98DB-26C23588A071}.Debug|Any CPU.ActiveCfg = Debug|Any CPU
		{B226BE85-4ECD-4750-98DB-26C23588A071}.Debug|Any CPU.Build.0 = Debug|Any CPU
		{B226BE85-4ECD-4750-98DB-26C23588A071}.Release|Any CPU.ActiveCfg = Release|Any CPU
		{B226BE85-4ECD-4750-98DB-26C23588A071}.Release|Any CPU.Build.0 = Release|Any CPU
		{925410C9-6742-4FB8-807A-FE76A889DDFA}.Debug|Any CPU.ActiveCfg = Debug|Any CPU
		{925410C9-6742-4FB8-807A-FE76A889DDFA}.Debug|Any CPU.Build.0 = Debug|Any CPU
		{925410C9-6742-4FB8-807A-FE76A889DDFA}.Release|Any CPU.ActiveCfg = Release|Any CPU
		{925410C9-6742-4FB8-807A-FE76A889DDFA}.Release|Any CPU.Build.0 = Release|Any CPU
		{DA37CB92-72D6-4707-A2E7-B7E0D1F911F0}.Debug|Any CPU.ActiveCfg = Debug|Any CPU
		{DA37CB92-72D6-4707-A2E7-B7E0D1F911F0}.Debug|Any CPU.Build.0 = Debug|Any CPU
		{DA37CB92-72D6-4707-A2E7-B7E0D1F911F0}.Release|Any CPU.ActiveCfg = Release|Any CPU
		{DA37CB92-72D6-4707-A2E7-B7E0D1F911F0}.Release|Any CPU.Build.0 = Release|Any CPU
		{D998D0A9-90B3-44E5-AE4A-7D5A24015B37}.Debug|Any CPU.ActiveCfg = Debug|Any CPU
		{D998D0A9-90B3-44E5-AE4A-7D5A24015B37}.Debug|Any CPU.Build.0 = Debug|Any CPU
		{D998D0A9-90B3-44E5-AE4A-7D5A24015B37}.Release|Any CPU.ActiveCfg = Release|Any CPU
		{D998D0A9-90B3-44E5-AE4A-7D5A24015B37}.Release|Any CPU.Build.0 = Release|Any CPU
		{7B1F71E5-2822-4FC0-BFEA-F980EB067079}.Debug|Any CPU.ActiveCfg = Debug|Any CPU
		{7B1F71E5-2822-4FC0-BFEA-F980EB067079}.Debug|Any CPU.Build.0 = Debug|Any CPU
		{7B1F71E5-2822-4FC0-BFEA-F980EB067079}.Release|Any CPU.ActiveCfg = Release|Any CPU
		{7B1F71E5-2822-4FC0-BFEA-F980EB067079}.Release|Any CPU.Build.0 = Release|Any CPU
		{36A65252-B2FA-47AA-A09D-B137801CA61B}.Debug|Any CPU.ActiveCfg = Debug|Any CPU
		{36A65252-B2FA-47AA-A09D-B137801CA61B}.Debug|Any CPU.Build.0 = Debug|Any CPU
		{36A65252-B2FA-47AA-A09D-B137801CA61B}.Release|Any CPU.ActiveCfg = Release|Any CPU
		{36A65252-B2FA-47AA-A09D-B137801CA61B}.Release|Any CPU.Build.0 = Release|Any CPU
		{4EB8E11D-2886-4C4F-8FF7-DB2D5213FA4F}.Debug|Any CPU.ActiveCfg = Debug|Any CPU
		{4EB8E11D-2886-4C4F-8FF7-DB2D5213FA4F}.Debug|Any CPU.Build.0 = Debug|Any CPU
		{4EB8E11D-2886-4C4F-8FF7-DB2D5213FA4F}.Release|Any CPU.ActiveCfg = Release|Any CPU
		{4EB8E11D-2886-4C4F-8FF7-DB2D5213FA4F}.Release|Any CPU.Build.0 = Release|Any CPU
	EndGlobalSection
EndGlobal
